
Microsoft Visual Studio Solution File, Format Version 12.00
# Visual Studio Version 17
VisualStudioVersion = 17.3.32929.385
MinimumVisualStudioVersion = 10.0.40219.1
Project("{FAE04EC0-301F-11D3-BF4B-00C04F79EFBC}") = "pruebaEntity", "pruebaEntity\pruebaEntity.csproj", "{431C6D67-4BF6-4FEF-9A90-E383CD763C54}"
EndProject
Global
	GlobalSection(SolutionConfigurationPlatforms) = preSolution
		Debug|Any CPU = Debug|Any CPU
		Release|Any CPU = Release|Any CPU
	EndGlobalSection
	GlobalSection(ProjectConfigurationPlatforms) = postSolution
		{431C6D67-4BF6-4FEF-9A90-E383CD763C54}.Debug|Any CPU.ActiveCfg = Debug|Any CPU
		{431C6D67-4BF6-4FEF-9A90-E383CD763C54}.Debug|Any CPU.Build.0 = Debug|Any CPU
		{431C6D67-4BF6-4FEF-9A90-E383CD763C54}.Release|Any CPU.ActiveCfg = Release|Any CPU
		{431C6D67-4BF6-4FEF-9A90-E383CD763C54}.Release|Any CPU.Build.0 = Release|Any CPU
	EndGlobalSection
	GlobalSection(SolutionProperties) = preSolution
		HideSolutionNode = FALSE
	EndGlobalSection
	GlobalSection(ExtensibilityGlobals) = postSolution
		SolutionGuid = {E168724E-FCC4-49CA-934C-4828E7C4A5E8}
	EndGlobalSection
EndGlobal
